# THIS IS AN AUTOGENERATED FILE. DO NOT EDIT THIS FILE DIRECTLY.
# yarn lockfile v1


"@vant/weapp@^1.10.0":
  version "1.10.0"
  resolved "https://registry.npmmirror.com/@vant/weapp/download/@vant/weapp-1.10.0.tgz#7d4a4a56673544f9d0d7f094d19006abb31db67d"
  integrity sha512-cNW2U98GlYwh8t4loEASyvukITlPohJM9HkAF8/dRSJrKm2689nqE8eeASFkWADdhqayGvy08cWoJhqMNh6ZXA==
